
Microsoft Visual Studio Solution File, Format Version 12.00
# Visual Studio Version 16
VisualStudioVersion = 25.0.1706.12
MinimumVisualStudioVersion = 10.0.40219.1
Project("{FAE04EC0-301F-11D3-BF4B-00C04F79EFBC}") = "EjercicioHerencia", "EjercicioHerencia\EjercicioHerencia.csproj", "{64714BBA-7FC2-45BD-8B59-0A57AB686F2C}"
EndProject
Global
	GlobalSection(SolutionConfigurationPlatforms) = preSolution
		Debug|Any CPU = Debug|Any CPU
		Release|Any CPU = Release|Any CPU
	EndGlobalSection
	GlobalSection(ProjectConfigurationPlatforms) = postSolution
		{64714BBA-7FC2-45BD-8B59-0A57AB686F2C}.Debug|Any CPU.ActiveCfg = Debug|Any CPU
		{64714BBA-7FC2-45BD-8B59-0A57AB686F2C}.Debug|Any CPU.Build.0 = Debug|Any CPU
		{64714BBA-7FC2-45BD-8B59-0A57AB686F2C}.Release|Any CPU.ActiveCfg = Release|Any CPU
		{64714BBA-7FC2-45BD-8B59-0A57AB686F2C}.Release|Any CPU.Build.0 = Release|Any CPU
	EndGlobalSection
	GlobalSection(SolutionProperties) = preSolution
		HideSolutionNode = FALSE
	EndGlobalSection
	GlobalSection(ExtensibilityGlobals) = postSolution
		SolutionGuid = {0F8657E6-96FE-4D7D-B397-559B7F11C947}
	EndGlobalSection
EndGlobal
